// !$*UTF8*$!
{
	archiveVersion = 1;
	classes = {
	};
	objectVersion = 50;
	objects = {

/* Begin PBXBuildFile section */
		2C86DBA44D1A75F95335A8E4 /* Pods_check.framework in Frameworks */ = {isa = PBXBuildFile; fileRef = 0D73DA168274899DD96D4215 /* Pods_check.framework */; };
		B15BE4FB21C56AB90067F359 /* AppDelegate.swift in Sources */ = {isa = PBXBuildFile; fileRef = B15BE4FA21C56AB90067F359 /* AppDelegate.swift */; };
		B15BE50021C56AB90067F359 /* Main.storyboard in Resources */ = {isa = PBXBuildFile; fileRef = B15BE4FE21C56AB90067F359 /* Main.storyboard */; };
		B15BE50221C56ABA0067F359 /* Assets.xcassets in Resources */ = {isa = PBXBuildFile; fileRef = B15BE50121C56ABA0067F359 /* Assets.xcassets */; };
		B15BE50521C56ABA0067F359 /* LaunchScreen.storyboard in Resources */ = {isa = PBXBuildFile; fileRef = B15BE50321C56ABA0067F359 /* LaunchScreen.storyboard */; };
		B15BE50F21C56E8D0067F359 /* ViewControllerMen.swift in Sources */ = {isa = PBXBuildFile; fileRef = B15BE50E21C56E8D0067F359 /* ViewControllerMen.swift */; };
		B15BE51121C570300067F359 /* ViewControllerWomen.swift in Sources */ = {isa = PBXBuildFile; fileRef = B15BE51021C570300067F359 /* ViewControllerWomen.swift */; };
		B15BE51421C571630067F359 /* fashion_good_men.mlmodel in Sources */ = {isa = PBXBuildFile; fileRef = B15BE51321C571630067F359 /* fashion_good_men.mlmodel */; };
		B15BE51621C5716A0067F359 /* fashion_good_women.mlmodel in Sources */ = {isa = PBXBuildFile; fileRef = B15BE51521C5716A0067F359 /* fashion_good_women.mlmodel */; };
		B1EE4ED521E4D35500268A2D /* GoogleService-Info.plist in Resources */ = {isa = PBXBuildFile; fileRef = B1EE4ED421E4D35500268A2D /* GoogleService-Info.plist */; };
		B1EE4ED721E5044500268A2D /* ViewControllerSelect.swift in Sources */ = {isa = PBXBuildFile; fileRef = B1EE4ED621E5044500268A2D /* ViewControllerSelect.swift */; };
/* End PBXBuildFile section */

/* Begin PBXFileReference section */
		0D73DA168274899DD96D4215 /* Pods_check.framework */ = {isa = PBXFileReference; explicitFileType = wrapper.framework; includeInIndex = 0; path = Pods_check.framework; sourceTree = BUILT_PRODUCTS_DIR; };
		11C6084CBC57D056EF4E52EC /* Pods-check.debug.xcconfig */ = {isa = PBXFileReference; includeInIndex = 1; lastKnownFileType = text.xcconfig; name = "Pods-check.debug.xcconfig"; path = "Pods/Target Support Files/Pods-check/Pods-check.debug.xcconfig"; sourceTree = "<group>"; };
		4362AAD8E0C76CFDF32A8878 /* Pods-check.release.xcconfig */ = {isa = PBXFileReference; includeInIndex = 1; lastKnownFileType = text.xcconfig; name = "Pods-check.release.xcconfig"; path = "Pods/Target Support Files/Pods-check/Pods-check.release.xcconfig"; sourceTree = "<group>"; };
		B15BE4F721C56AB90067F359 /* check.app */ = {isa = PBXFileReference; explicitFileType = wrapper.application; includeInIndex = 0; path = check.app; sourceTree = BUILT_PRODUCTS_DIR; };
		B15BE4FA21C56AB90067F359 /* AppDelegate.swift */ = {isa = PBXFileReference; lastKnownFileType = sourcecode.swift; path = AppDelegate.swift; sourceTree = "<group>"; };
		B15BE4FF21C56AB90067F359 /* Base */ = {isa = PBXFileReference; lastKnownFileType = file.storyboard; name = Base; path = Base.lproj/Main.storyboard; sourceTree = "<group>"; };
		B15BE50121C56ABA0067F359 /* Assets.xcassets */ = {isa = PBXFileReference; lastKnownFileType = folder.assetcatalog; path = Assets.xcassets; sourceTree = "<group>"; };
		B15BE50421C56ABA0067F359 /* Base */ = {isa = PBXFileReference; lastKnownFileType = file.storyboard; name = Base; path = Base.lproj/LaunchScreen.storyboard; sourceTree = "<group>"; };
		B15BE50621C56ABA0067F359 /* Info.plist */ = {isa = PBXFileReference; lastKnownFileType = text.plist.xml; path = Info.plist; sourceTree = "<group>"; };
		B15BE50E21C56E8D0067F359 /* ViewControllerMen.swift */ = {isa = PBXFileReference; lastKnownFileType = sourcecode.swift; path = ViewControllerMen.swift; sourceTree = "<group>"; };
		B15BE51021C570300067F359 /* ViewControllerWomen.swift */ = {isa = PBXFileReference; lastKnownFileType = sourcecode.swift; path = ViewControllerWomen.swift; sourceTree = "<group>"; };
		B15BE51321C571630067F359 /* fashion_good_men.mlmodel */ = {isa = PBXFileReference; lastKnownFileType = file.mlmodel; path = fashion_good_men.mlmodel; sourceTree = "<group>"; };
		B15BE51521C5716A0067F359 /* fashion_good_women.mlmodel */ = {isa = PBXFileReference; lastKnownFileType = file.mlmodel; path = fashion_good_women.mlmodel; sourceTree = "<group>"; };
		B1EE4ED421E4D35500268A2D /* GoogleService-Info.plist */ = {isa = PBXFileReference; fileEncoding = 4; lastKnownFileType = text.plist.xml; path = "GoogleService-Info.plist"; sourceTree = "<group>"; };
		B1EE4ED621E5044500268A2D /* ViewControllerSelect.swift */ = {isa = PBXFileReference; lastKnownFileType = sourcecode.swift; path = ViewControllerSelect.swift; sourceTree = "<group>"; };
/* End PBXFileReference section */

/* Begin PBXFrameworksBuildPhase section */
		B15BE4F421C56AB90067F359 /* Frameworks */ = {
			isa = PBXFrameworksBuildPhase;
			buildActionMask = 2147483647;
			files = (
				2C86DBA44D1A75F95335A8E4 /* Pods_check.framework in Frameworks */,
			);
			runOnlyForDeploymentPostprocessing = 0;
		};
/* End PBXFrameworksBuildPhase section */

/* Begin PBXGroup section */
		5C3B818F83AF1705AEB9A629 /* Frameworks */ = {
			isa = PBXGroup;
			children = (
				0D73DA168274899DD96D4215 /* Pods_check.framework */,
			);
			name = Frameworks;
			sourceTree = "<group>";
		};
		B15BE4EE21C56AB90067F359 = {
			isa = PBXGroup;
			children = (
				B15BE4F921C56AB90067F359 /* check */,
				B15BE4F821C56AB90067F359 /* Products */,
				D766434F0F37B22B0574A72F /* Pods */,
				5C3B818F83AF1705AEB9A629 /* Frameworks */,
			);
			sourceTree = "<group>";
		};
		B15BE4F821C56AB90067F359 /* Products */ = {
			isa = PBXGroup;
			children = (
				B15BE4F721C56AB90067F359 /* check.app */,
			);
			name = Products;
			sourceTree = "<group>";
		};
		B15BE4F921C56AB90067F359 /* check */ = {
			isa = PBXGroup;
			children = (
				B15BE51321C571630067F359 /* fashion_good_men.mlmodel */,
				B15BE51521C5716A0067F359 /* fashion_good_women.mlmodel */,
				B15BE4FA21C56AB90067F359 /* AppDelegate.swift */,
				B15BE4FE21C56AB90067F359 /* Main.storyboard */,
				B15BE50121C56ABA0067F359 /* Assets.xcassets */,
				B15BE50321C56ABA0067F359 /* LaunchScreen.storyboard */,
				B15BE50621C56ABA0067F359 /* Info.plist */,
				B1EE4ED421E4D35500268A2D /* GoogleService-Info.plist */,
				B15BE50E21C56E8D0067F359 /* ViewControllerMen.swift */,
				B1EE4ED621E5044500268A2D /* ViewControllerSelect.swift */,
				B15BE51021C570300067F359 /* ViewControllerWomen.swift */,
			);
			path = check;
			sourceTree = "<group>";
		};
		D766434F0F37B22B0574A72F /* Pods */ = {
			isa = PBXGroup;
			children = (
				11C6084CBC57D056EF4E52EC /* Pods-check.debug.xcconfig */,
				4362AAD8E0C76CFDF32A8878 /* Pods-check.release.xcconfig */,
			);
			name = Pods;
			sourceTree = "<group>";
		};
/* End PBXGroup section */

/* Begin PBXNativeTarget section */
		B15BE4F621C56AB90067F359 /* check */ = {
			isa = PBXNativeTarget;
			buildConfigurationList = B15BE50921C56ABA0067F359 /* Build configuration list for PBXNativeTarget "check" */;
			buildPhases = (
				B92BE3B6CBD4457F8DC3A24F /* [CP] Check Pods Manifest.lock */,
				B15BE4F321C56AB90067F359 /* Sources */,
				B15BE4F421C56AB90067F359 /* Frameworks */,
				B15BE4F521C56AB90067F359 /* Resources */,
				1F53015ACEF8B70071CF160B /* [CP] Embed Pods Frameworks */,
			);
			buildRules = (
			);
			dependencies = (
			);
			name = check;
			productName = check;
			productReference = B15BE4F721C56AB90067F359 /* check.app */;
			productType = "com.apple.product-type.application";
		};
/* End PBXNativeTarget section */

/* Begin PBXProject section */
		B15BE4EF21C56AB90067F359 /* Project object */ = {
			isa = PBXProject;
			attributes = {
				LastSwiftUpdateCheck = 1010;
				LastUpgradeCheck = 1010;
				ORGANIZATIONNAME = NakaokaRei;
				TargetAttributes = {
					B15BE4F621C56AB90067F359 = {
						CreatedOnToolsVersion = 10.1;
						LastSwiftMigration = 1020;
					};
				};
			};
			buildConfigurationList = B15BE4F221C56AB90067F359 /* Build configuration list for PBXProject "check" */;
			compatibilityVersion = "Xcode 9.3";
			developmentRegion = en;
			hasScannedForEncodings = 0;
			knownRegions = (
				en,
				Base,
			);
			mainGroup = B15BE4EE21C56AB90067F359;
			productRefGroup = B15BE4F821C56AB90067F359 /* Products */;
			projectDirPath = "";
			projectRoot = "";
			targets = (
				B15BE4F621C56AB90067F359 /* check */,
			);
		};
/* End PBXProject section */

/* Begin PBXResourcesBuildPhase section */
		B15BE4F521C56AB90067F359 /* Resources */ = {
			isa = PBXResourcesBuildPhase;
			buildActionMask = 2147483647;
			files = (
				B15BE50521C56ABA0067F359 /* LaunchScreen.storyboard in Resources */,
				B1EE4ED521E4D35500268A2D /* GoogleService-Info.plist in Resources */,
				B15BE50221C56ABA0067F359 /* Assets.xcassets in Resources */,
				B15BE50021C56AB90067F359 /* Main.storyboard in Resources */,
			);
			runOnlyForDeploymentPostprocessing = 0;
		};
/* End PBXResourcesBuildPhase section */

/* Begin PBXShellScriptBuildPhase section */
		1F53015ACEF8B70071CF160B /* [CP] Embed Pods Frameworks */ = {
			isa = PBXShellScriptBuildPhase;
			buildActionMask = 2147483647;
			files = (
			);
			inputFileListPaths = (
			);
			inputPaths = (
				"${SRCROOT}/Pods/Target Support Files/Pods-check/Pods-check-frameworks.sh",
				"${BUILT_PRODUCTS_DIR}/GoogleUtilities/GoogleUtilities.framework",
				"${BUILT_PRODUCTS_DIR}/IBAnimatable/IBAnimatable.framework",
				"${BUILT_PRODUCTS_DIR}/nanopb/nanopb.framework",
			);
			name = "[CP] Embed Pods Frameworks";
			outputFileListPaths = (
			);
			outputPaths = (
				"${TARGET_BUILD_DIR}/${FRAMEWORKS_FOLDER_PATH}/GoogleUtilities.framework",
				"${TARGET_BUILD_DIR}/${FRAMEWORKS_FOLDER_PATH}/IBAnimatable.framework",
				"${TARGET_BUILD_DIR}/${FRAMEWORKS_FOLDER_PATH}/nanopb.framework",
			);
			runOnlyForDeploymentPostprocessing = 0;
			shellPath = /bin/sh;
			shellScript = "\"${SRCROOT}/Pods/Target Support Files/Pods-check/Pods-check-frameworks.sh\"\n";
			showEnvVarsInLog = 0;
		};
		B92BE3B6CBD4457F8DC3A24F /* [CP] Check Pods Manifest.lock */ = {
			isa = PBXShellScriptBuildPhase;
			buildActionMask = 2147483647;
			files = (
			);
			inputFileListPaths = (
			);
			inputPaths = (
				"${PODS_PODFILE_DIR_PATH}/Podfile.lock",
				"${PODS_ROOT}/Manifest.lock",
			);
			name = "[CP] Check Pods Manifest.lock";
			outputFileListPaths = (
			);
			outputPaths = (
				"$(DERIVED_FILE_DIR)/Pods-check-checkManifestLockResult.txt",
			);
			runOnlyForDeploymentPostprocessing = 0;
			shellPath = /bin/sh;
			shellScript = "diff \"${PODS_PODFILE_DIR_PATH}/Podfile.lock\" \"${PODS_ROOT}/Manifest.lock\" > /dev/null\nif [ $? != 0 ] ; then\n    # print error to STDERR\n    echo \"error: The sandbox is not in sync with the Podfile.lock. Run 'pod install' or update your CocoaPods installation.\" >&2\n    exit 1\nfi\n# This output is used by Xcode 'outputs' to avoid re-running this script phase.\necho \"SUCCESS\" > \"${SCRIPT_OUTPUT_FILE_0}\"\n";
			showEnvVarsInLog = 0;
		};
/* End PBXShellScriptBuildPhase section */

/* Begin PBXSourcesBuildPhase section */
		B15BE4F321C56AB90067F359 /* Sources */ = {
			isa = PBXSourcesBuildPhase;
			buildActionMask = 2147483647;
			files = (
				B1EE4ED721E5044500268A2D /* ViewControllerSelect.swift in Sources */,
				B15BE50F21C56E8D0067F359 /* ViewControllerMen.swift in Sources */,
				B15BE51121C570300067F359 /* ViewControllerWomen.swift in Sources */,
				B15BE4FB21C56AB90067F359 /* AppDelegate.swift in Sources */,
				B15BE51421C571630067F359 /* fashion_good_men.mlmodel in Sources */,
				B15BE51621C5716A0067F359 /* fashion_good_women.mlmodel in Sources */,
			);
			runOnlyForDeploymentPostprocessing = 0;
		};
/* End PBXSourcesBuildPhase section */

/* Begin PBXVariantGroup section */
		B15BE4FE21C56AB90067F359 /* Main.storyboard */ = {
			isa = PBXVariantGroup;
			children = (
				B15BE4FF21C56AB90067F359 /* Base */,
			);
			name = Main.storyboard;
			sourceTree = "<group>";
		};
		B15BE50321C56ABA0067F359 /* LaunchScreen.storyboard */ = {
			isa = PBXVariantGroup;
			children = (
				B15BE50421C56ABA0067F359 /* Base */,
			);
			name = LaunchScreen.storyboard;
			sourceTree = "<group>";
		};
/* End PBXVariantGroup section */

/* Begin XCBuildConfiguration section */
		B15BE50721C56ABA0067F359 /* Debug */ = {
			isa = XCBuildConfiguration;
			buildSettings = {
				ALWAYS_SEARCH_USER_PATHS = NO;
				CLANG_ANALYZER_NONNULL = YES;
				CLANG_ANALYZER_NUMBER_OBJECT_CONVERSION = YES_AGGRESSIVE;
				CLANG_CXX_LANGUAGE_STANDARD = "gnu++14";
				CLANG_CXX_LIBRARY = "libc++";
				CLANG_ENABLE_MODULES = YES;
				CLANG_ENABLE_OBJC_ARC = YES;
				CLANG_ENABLE_OBJC_WEAK = YES;
				CLANG_WARN_BLOCK_CAPTURE_AUTORELEASING = YES;
				CLANG_WARN_BOOL_CONVERSION = YES;
				CLANG_WARN_COMMA = YES;
				CLANG_WARN_CONSTANT_CONVERSION = YES;
				CLANG_WARN_DEPRECATED_OBJC_IMPLEMENTATIONS = YES;
				CLANG_WARN_DIRECT_OBJC_ISA_USAGE = YES_ERROR;
				CLANG_WARN_DOCUMENTATION_COMMENTS = YES;
				CLANG_WARN_EMPTY_BODY = YES;
				CLANG_WARN_ENUM_CONVERSION = YES;
				CLANG_WARN_INFINITE_RECURSION = YES;
				CLANG_WARN_INT_CONVERSION = YES;
				CLANG_WARN_NON_LITERAL_NULL_CONVERSION = YES;
				CLANG_WARN_OBJC_IMPLICIT_RETAIN_SELF = YES;
				CLANG_WARN_OBJC_LITERAL_CONVERSION = YES;
				CLANG_WARN_OBJC_ROOT_CLASS = YES_ERROR;
				CLANG_WARN_RANGE_LOOP_ANALYSIS = YES;
				CLANG_WARN_STRICT_PROTOTYPES = YES;
				CLANG_WARN_SUSPICIOUS_MOVE = YES;
				CLANG_WARN_UNGUARDED_AVAILABILITY = YES_AGGRESSIVE;
				CLANG_WARN_UNREACHABLE_CODE = YES;
				CLANG_WARN__DUPLICATE_METHOD_MATCH = YES;
				CODE_SIGN_IDENTITY = "iPhone Developer";
				"CODE_SIGN_IDENTITY[sdk=*]" = "iPhone Developer";
				COPY_PHASE_STRIP = NO;
				DEBUG_INFORMATION_FORMAT = dwarf;
				ENABLE_STRICT_OBJC_MSGSEND = YES;
				ENABLE_TESTABILITY = YES;
				GCC_C_LANGUAGE_STANDARD = gnu11;
				GCC_DYNAMIC_NO_PIC = NO;
				GCC_NO_COMMON_BLOCKS = YES;
				GCC_OPTIMIZATION_LEVEL = 0;
				GCC_PREPROCESSOR_DEFINITIONS = (
					"DEBUG=1",
					"$(inherited)",
				);
				GCC_WARN_64_TO_32_BIT_CONVERSION = YES;
				GCC_WARN_ABOUT_RETURN_TYPE = YES_ERROR;
				GCC_WARN_UNDECLARED_SELECTOR = YES;
				GCC_WARN_UNINITIALIZED_AUTOS = YES_AGGRESSIVE;
				GCC_WARN_UNUSED_FUNCTION = YES;
				GCC_WARN_UNUSED_VARIABLE = YES;
				IPHONEOS_DEPLOYMENT_TARGET = 12.1;
				MTL_ENABLE_DEBUG_INFO = INCLUDE_SOURCE;
				MTL_FAST_MATH = YES;
				ONLY_ACTIVE_ARCH = YES;
				SDKROOT = iphoneos;
				SWIFT_ACTIVE_COMPILATION_CONDITIONS = DEBUG;
				SWIFT_OPTIMIZATION_LEVEL = "-Onone";
			};
			name = Debug;
		};
		B15BE50821C56ABA0067F359 /* Release */ = {
			isa = XCBuildConfiguration;
			buildSettings = {
				ALWAYS_SEARCH_USER_PATHS = NO;
				CLANG_ANALYZER_NONNULL = YES;
				CLANG_ANALYZER_NUMBER_OBJECT_CONVERSION = YES_AGGRESSIVE;
				CLANG_CXX_LANGUAGE_STANDARD = "gnu++14";
				CLANG_CXX_LIBRARY = "libc++";
				CLANG_ENABLE_MODULES = YES;
				CLANG_ENABLE_OBJC_ARC = YES;
				CLANG_ENABLE_OBJC_WEAK = YES;
				CLANG_WARN_BLOCK_CAPTURE_AUTORELEASING = YES;
				CLANG_WARN_BOOL_CONVERSION = YES;
				CLANG_WARN_COMMA = YES;
				CLANG_WARN_CONSTANT_CONVERSION = YES;
				CLANG_WARN_DEPRECATED_OBJC_IMPLEMENTATIONS = YES;
				CLANG_WARN_DIRECT_OBJC_ISA_USAGE = YES_ERROR;
				CLANG_WARN_DOCUMENTATION_COMMENTS = YES;
				CLANG_WARN_EMPTY_BODY = YES;
				CLANG_WARN_ENUM_CONVERSION = YES;
				CLANG_WARN_INFINITE_RECURSION = YES;
				CLANG_WARN_INT_CONVERSION = YES;
				CLANG_WARN_NON_LITERAL_NULL_CONVERSION = YES;
				CLANG_WARN_OBJC_IMPLICIT_RETAIN_SELF = YES;
				CLANG_WARN_OBJC_LITERAL_CONVERSION = YES;
				CLANG_WARN_OBJC_ROOT_CLASS = YES_ERROR;
				CLANG_WARN_RANGE_LOOP_ANALYSIS = YES;
				CLANG_WARN_STRICT_PROTOTYPES = YES;
				CLANG_WARN_SUSPICIOUS_MOVE = YES;
				CLANG_WARN_UNGUARDED_AVAILABILITY = YES_AGGRESSIVE;
				CLANG_WARN_UNREACHABLE_CODE = YES;
				CLANG_WARN__DUPLICATE_METHOD_MATCH = YES;
				CODE_SIGN_IDENTITY = "iPhone Developer";
				"CODE_SIGN_IDENTITY[sdk=*]" = "iPhone Developer";
				COPY_PHASE_STRIP = NO;
				DEBUG_INFORMATION_FORMAT = "dwarf-with-dsym";
				ENABLE_NS_ASSERTIONS = NO;
				ENABLE_STRICT_OBJC_MSGSEND = YES;
				GCC_C_LANGUAGE_STANDARD = gnu11;
				GCC_NO_COMMON_BLOCKS = YES;
				GCC_WARN_64_TO_32_BIT_CONVERSION = YES;
				GCC_WARN_ABOUT_RETURN_TYPE = YES_ERROR;
				GCC_WARN_UNDECLARED_SELECTOR = YES;
				GCC_WARN_UNINITIALIZED_AUTOS = YES_AGGRESSIVE;
				GCC_WARN_UNUSED_FUNCTION = YES;
				GCC_WARN_UNUSED_VARIABLE = YES;
				IPHONEOS_DEPLOYMENT_TARGET = 12.1;
				MTL_ENABLE_DEBUG_INFO = NO;
				MTL_FAST_MATH = YES;
				SDKROOT = iphoneos;
				SWIFT_COMPILATION_MODE = wholemodule;
				SWIFT_OPTIMIZATION_LEVEL = "-O";
				VALIDATE_PRODUCT = YES;
			};
			name = Release;
		};
		B15BE50A21C56ABA0067F359 /* Debug */ = {
			isa = XCBuildConfiguration;
			baseConfigurationReference = 11C6084CBC57D056EF4E52EC /* Pods-check.debug.xcconfig */;
			buildSettings = {
				ASSETCATALOG_COMPILER_APPICON_NAME = AppIcon;
				CODE_SIGN_IDENTITY = "iPhone Developer";
				"CODE_SIGN_IDENTITY[sdk=*]" = "iPhone Developer";
				CODE_SIGN_STYLE = Automatic;
				DEVELOPMENT_TEAM = 7ZJJ7KR6WA;
				INFOPLIST_FILE = check/Info.plist;
				LD_RUNPATH_SEARCH_PATHS = (
					"$(inherited)",
					"@executable_path/Frameworks",
				);
				PRODUCT_BUNDLE_IDENTIFIER = com.gmail.reideeplearning.check;
				PRODUCT_NAME = "$(TARGET_NAME)";
				PROVISIONING_PROFILE_SPECIFIER = "";
				SWIFT_VERSION = 5.0;
				TARGETED_DEVICE_FAMILY = "1,2";
			};
			name = Debug;
		};
		B15BE50B21C56ABA0067F359 /* Release */ = {
			isa = XCBuildConfiguration;
			baseConfigurationReference = 4362AAD8E0C76CFDF32A8878 /* Pods-check.release.xcconfig */;
			buildSettings = {
				ASSETCATALOG_COMPILER_APPICON_NAME = AppIcon;
				CODE_SIGN_IDENTITY = "iPhone Developer";
				"CODE_SIGN_IDENTITY[sdk=*]" = "iPhone Developer";
				CODE_SIGN_STYLE = Automatic;
				DEVELOPMENT_TEAM = 7ZJJ7KR6WA;
				INFOPLIST_FILE = check/Info.plist;
				LD_RUNPATH_SEARCH_PATHS = (
					"$(inherited)",
					"@executable_path/Frameworks",
				);
				PRODUCT_BUNDLE_IDENTIFIER = com.gmail.reideeplearning.check;
				PRODUCT_NAME = "$(TARGET_NAME)";
				PROVISIONING_PROFILE_SPECIFIER = "";
				SWIFT_VERSION = 5.0;
				TARGETED_DEVICE_FAMILY = "1,2";
			};
			name = Release;
		};
/* End XCBuildConfiguration section */

/* Begin XCConfigurationList section */
		B15BE4F221C56AB90067F359 /* Build configuration list for PBXProject "check" */ = {
			isa = XCConfigurationList;
			buildConfigurations = (
				B15BE50721C56ABA0067F359 /* Debug */,
				B15BE50821C56ABA0067F359 /* Release */,
			);
			defaultConfigurationIsVisible = 0;
			defaultConfigurationName = Release;
		};
		B15BE50921C56ABA0067F359 /* Build configuration list for PBXNativeTarget "check" */ = {
			isa = XCConfigurationList;
			buildConfigurations = (
				B15BE50A21C56ABA0067F359 /* Debug */,
				B15BE50B21C56ABA0067F359 /* Release */,
			);
			defaultConfigurationIsVisible = 0;
			defaultConfigurationName = Release;
		};
/* End XCConfigurationList section */
	};
	rootObject = B15BE4EF21C56AB90067F359 /* Project object */;
}
